// !$*UTF8*$!
{
	archiveVersion = 1;
	classes = {
	};
	objectVersion = 56;
	objects = {

/* Begin PBXBuildFile section */
		073CEDAC29C3390F0010D371 /* HakSikThatApp.swift in Sources */ = {isa = PBXBuildFile; fileRef = 073CEDAB29C3390F0010D371 /* HakSikThatApp.swift */; };
		073CEDAE29C3390F0010D371 /* ContentView.swift in Sources */ = {isa = PBXBuildFile; fileRef = 073CEDAD29C3390F0010D371 /* ContentView.swift */; };
		073CEDB029C339100010D371 /* Assets.xcassets in Resources */ = {isa = PBXBuildFile; fileRef = 073CEDAF29C339100010D371 /* Assets.xcassets */; };
		073CEDB329C339100010D371 /* Preview Assets.xcassets in Resources */ = {isa = PBXBuildFile; fileRef = 073CEDB229C339100010D371 /* Preview Assets.xcassets */; };
		073CEDBD29C339100010D371 /* HakSikThatTests.swift in Sources */ = {isa = PBXBuildFile; fileRef = 073CEDBC29C339100010D371 /* HakSikThatTests.swift */; };
		073CEDC729C339100010D371 /* HakSikThatUITests.swift in Sources */ = {isa = PBXBuildFile; fileRef = 073CEDC629C339100010D371 /* HakSikThatUITests.swift */; };
		073CEDC929C339100010D371 /* HakSikThatUITestsLaunchTests.swift in Sources */ = {isa = PBXBuildFile; fileRef = 073CEDC829C339100010D371 /* HakSikThatUITestsLaunchTests.swift */; };
		073CEDD629C33BD90010D371 /* MenuView.swift in Sources */ = {isa = PBXBuildFile; fileRef = 073CEDD529C33BD90010D371 /* MenuView.swift */; };
		073CEDD829C33C1A0010D371 /* Menu.swift in Sources */ = {isa = PBXBuildFile; fileRef = 073CEDD729C33C1A0010D371 /* Menu.swift */; };
		073CEDDA29C33C280010D371 /* ModelData.swift in Sources */ = {isa = PBXBuildFile; fileRef = 073CEDD929C33C280010D371 /* ModelData.swift */; };
		073CEDDF29C33FBB0010D371 /* menutest.json in Resources */ = {isa = PBXBuildFile; fileRef = 073CEDDE29C33FBB0010D371 /* menutest.json */; };
		0745718929C488FE0025CA05 /* MyAfterView.swift in Sources */ = {isa = PBXBuildFile; fileRef = 0745718829C488FE0025CA05 /* MyAfterView.swift */; };
/* End PBXBuildFile section */

/* Begin PBXContainerItemProxy section */
		073CEDB929C339100010D371 /* PBXContainerItemProxy */ = {
			isa = PBXContainerItemProxy;
			containerPortal = 073CEDA029C3390F0010D371 /* Project object */;
			proxyType = 1;
			remoteGlobalIDString = 073CEDA729C3390F0010D371;
			remoteInfo = HakSikThat;
		};
		073CEDC329C339100010D371 /* PBXContainerItemProxy */ = {
			isa = PBXContainerItemProxy;
			containerPortal = 073CEDA029C3390F0010D371 /* Project object */;
			proxyType = 1;
			remoteGlobalIDString = 073CEDA729C3390F0010D371;
			remoteInfo = HakSikThat;
		};
/* End PBXContainerItemProxy section */

/* Begin PBXFileReference section */
		073CEDA829C3390F0010D371 /* HakSikThat.app */ = {isa = PBXFileReference; explicitFileType = wrapper.application; includeInIndex = 0; path = HakSikThat.app; sourceTree = BUILT_PRODUCTS_DIR; };
		073CEDAB29C3390F0010D371 /* HakSikThatApp.swift */ = {isa = PBXFileReference; lastKnownFileType = sourcecode.swift; path = HakSikThatApp.swift; sourceTree = "<group>"; };
		073CEDAD29C3390F0010D371 /* ContentView.swift */ = {isa = PBXFileReference; lastKnownFileType = sourcecode.swift; path = ContentView.swift; sourceTree = "<group>"; };
		073CEDAF29C339100010D371 /* Assets.xcassets */ = {isa = PBXFileReference; lastKnownFileType = folder.assetcatalog; path = Assets.xcassets; sourceTree = "<group>"; };
		073CEDB229C339100010D371 /* Preview Assets.xcassets */ = {isa = PBXFileReference; lastKnownFileType = folder.assetcatalog; path = "Preview Assets.xcassets"; sourceTree = "<group>"; };
		073CEDB829C339100010D371 /* HakSikThatTests.xctest */ = {isa = PBXFileReference; explicitFileType = wrapper.cfbundle; includeInIndex = 0; path = HakSikThatTests.xctest; sourceTree = BUILT_PRODUCTS_DIR; };
		073CEDBC29C339100010D371 /* HakSikThatTests.swift */ = {isa = PBXFileReference; lastKnownFileType = sourcecode.swift; path = HakSikThatTests.swift; sourceTree = "<group>"; };
		073CEDC229C339100010D371 /* HakSikThatUITests.xctest */ = {isa = PBXFileReference; explicitFileType = wrapper.cfbundle; includeInIndex = 0; path = HakSikThatUITests.xctest; sourceTree = BUILT_PRODUCTS_DIR; };
		073CEDC629C339100010D371 /* HakSikThatUITests.swift */ = {isa = PBXFileReference; lastKnownFileType = sourcecode.swift; path = HakSikThatUITests.swift; sourceTree = "<group>"; };
		073CEDC829C339100010D371 /* HakSikThatUITestsLaunchTests.swift */ = {isa = PBXFileReference; lastKnownFileType = sourcecode.swift; path = HakSikThatUITestsLaunchTests.swift; sourceTree = "<group>"; };
		073CEDD529C33BD90010D371 /* MenuView.swift */ = {isa = PBXFileReference; lastKnownFileType = sourcecode.swift; path = MenuView.swift; sourceTree = "<group>"; };
		073CEDD729C33C1A0010D371 /* Menu.swift */ = {isa = PBXFileReference; lastKnownFileType = sourcecode.swift; path = Menu.swift; sourceTree = "<group>"; };
		073CEDD929C33C280010D371 /* ModelData.swift */ = {isa = PBXFileReference; lastKnownFileType = sourcecode.swift; path = ModelData.swift; sourceTree = "<group>"; };
		073CEDDE29C33FBB0010D371 /* menutest.json */ = {isa = PBXFileReference; fileEncoding = 4; lastKnownFileType = text.json; path = menutest.json; sourceTree = "<group>"; };
		0745718829C488FE0025CA05 /* MyAfterView.swift */ = {isa = PBXFileReference; lastKnownFileType = sourcecode.swift; path = MyAfterView.swift; sourceTree = "<group>"; };
/* End PBXFileReference section */

/* Begin PBXFrameworksBuildPhase section */
		073CEDA529C3390F0010D371 /* Frameworks */ = {
			isa = PBXFrameworksBuildPhase;
			buildActionMask = 2147483647;
			files = (
			);
			runOnlyForDeploymentPostprocessing = 0;
		};
		073CEDB529C339100010D371 /* Frameworks */ = {
			isa = PBXFrameworksBuildPhase;
			buildActionMask = 2147483647;
			files = (
			);
			runOnlyForDeploymentPostprocessing = 0;
		};
		073CEDBF29C339100010D371 /* Frameworks */ = {
			isa = PBXFrameworksBuildPhase;
			buildActionMask = 2147483647;
			files = (
			);
			runOnlyForDeploymentPostprocessing = 0;
		};
/* End PBXFrameworksBuildPhase section */

/* Begin PBXGroup section */
		073CED9F29C3390F0010D371 = {
			isa = PBXGroup;
			children = (
				073CEDAA29C3390F0010D371 /* HakSikThat */,
				073CEDBB29C339100010D371 /* HakSikThatTests */,
				073CEDC529C339100010D371 /* HakSikThatUITests */,
				073CEDA929C3390F0010D371 /* Products */,
			);
			sourceTree = "<group>";
		};
		073CEDA929C3390F0010D371 /* Products */ = {
			isa = PBXGroup;
			children = (
				073CEDA829C3390F0010D371 /* HakSikThat.app */,
				073CEDB829C339100010D371 /* HakSikThatTests.xctest */,
				073CEDC229C339100010D371 /* HakSikThatUITests.xctest */,
			);
			name = Products;
			sourceTree = "<group>";
		};
		073CEDAA29C3390F0010D371 /* HakSikThat */ = {
			isa = PBXGroup;
			children = (
				073CEDAB29C3390F0010D371 /* HakSikThatApp.swift */,
				073CEDAD29C3390F0010D371 /* ContentView.swift */,
				073CEDD529C33BD90010D371 /* MenuView.swift */,
				0745718829C488FE0025CA05 /* MyAfterView.swift */,
				073CEDDC29C33CC20010D371 /* Resources */,
				073CEDDB29C33C2C0010D371 /* Model */,
				073CEDAF29C339100010D371 /* Assets.xcassets */,
				073CEDB129C339100010D371 /* Preview Content */,
			);
			path = HakSikThat;
			sourceTree = "<group>";
		};
		073CEDB129C339100010D371 /* Preview Content */ = {
			isa = PBXGroup;
			children = (
				073CEDB229C339100010D371 /* Preview Assets.xcassets */,
			);
			path = "Preview Content";
			sourceTree = "<group>";
		};
		073CEDBB29C339100010D371 /* HakSikThatTests */ = {
			isa = PBXGroup;
			children = (
				073CEDBC29C339100010D371 /* HakSikThatTests.swift */,
			);
			path = HakSikThatTests;
			sourceTree = "<group>";
		};
		073CEDC529C339100010D371 /* HakSikThatUITests */ = {
			isa = PBXGroup;
			children = (
				073CEDC629C339100010D371 /* HakSikThatUITests.swift */,
				073CEDC829C339100010D371 /* HakSikThatUITestsLaunchTests.swift */,
			);
			path = HakSikThatUITests;
			sourceTree = "<group>";
		};
		073CEDDB29C33C2C0010D371 /* Model */ = {
			isa = PBXGroup;
			children = (
				073CEDD729C33C1A0010D371 /* Menu.swift */,
				073CEDD929C33C280010D371 /* ModelData.swift */,
			);
			path = Model;
			sourceTree = "<group>";
		};
		073CEDDC29C33CC20010D371 /* Resources */ = {
			isa = PBXGroup;
			children = (
				073CEDDE29C33FBB0010D371 /* menutest.json */,
			);
			path = Resources;
			sourceTree = "<group>";
		};
/* End PBXGroup section */

/* Begin PBXNativeTarget section */
		073CEDA729C3390F0010D371 /* HakSikThat */ = {
			isa = PBXNativeTarget;
			buildConfigurationList = 073CEDCC29C339100010D371 /* Build configuration list for PBXNativeTarget "HakSikThat" */;
			buildPhases = (
				073CEDA429C3390F0010D371 /* Sources */,
				073CEDA529C3390F0010D371 /* Frameworks */,
				073CEDA629C3390F0010D371 /* Resources */,
			);
			buildRules = (
			);
			dependencies = (
			);
			name = HakSikThat;
			productName = HakSikThat;
			productReference = 073CEDA829C3390F0010D371 /* HakSikThat.app */;
			productType = "com.apple.product-type.application";
		};
		073CEDB729C339100010D371 /* HakSikThatTests */ = {
			isa = PBXNativeTarget;
			buildConfigurationList = 073CEDCF29C339100010D371 /* Build configuration list for PBXNativeTarget "HakSikThatTests" */;
			buildPhases = (
				073CEDB429C339100010D371 /* Sources */,
				073CEDB529C339100010D371 /* Frameworks */,
				073CEDB629C339100010D371 /* Resources */,
			);
			buildRules = (
			);
			dependencies = (
				073CEDBA29C339100010D371 /* PBXTargetDependency */,
			);
			name = HakSikThatTests;
			productName = HakSikThatTests;
			productReference = 073CEDB829C339100010D371 /* HakSikThatTests.xctest */;
			productType = "com.apple.product-type.bundle.unit-test";
		};
		073CEDC129C339100010D371 /* HakSikThatUITests */ = {
			isa = PBXNativeTarget;
			buildConfigurationList = 073CEDD229C339100010D371 /* Build configuration list for PBXNativeTarget "HakSikThatUITests" */;
			buildPhases = (
				073CEDBE29C339100010D371 /* Sources */,
				073CEDBF29C339100010D371 /* Frameworks */,
				073CEDC029C339100010D371 /* Resources */,
			);
			buildRules = (
			);
			dependencies = (
				073CEDC429C339100010D371 /* PBXTargetDependency */,
			);
			name = HakSikThatUITests;
			productName = HakSikThatUITests;
			productReference = 073CEDC229C339100010D371 /* HakSikThatUITests.xctest */;
			productType = "com.apple.product-type.bundle.ui-testing";
		};
/* End PBXNativeTarget section */

/* Begin PBXProject section */
		073CEDA029C3390F0010D371 /* Project object */ = {
			isa = PBXProject;
			attributes = {
				BuildIndependentTargetsInParallel = 1;
				LastSwiftUpdateCheck = 1420;
				LastUpgradeCheck = 1420;
				TargetAttributes = {
					073CEDA729C3390F0010D371 = {
						CreatedOnToolsVersion = 14.2;
					};
					073CEDB729C339100010D371 = {
						CreatedOnToolsVersion = 14.2;
						TestTargetID = 073CEDA729C3390F0010D371;
					};
					073CEDC129C339100010D371 = {
						CreatedOnToolsVersion = 14.2;
						TestTargetID = 073CEDA729C3390F0010D371;
					};
				};
			};
			buildConfigurationList = 073CEDA329C3390F0010D371 /* Build configuration list for PBXProject "HakSikThat" */;
			compatibilityVersion = "Xcode 14.0";
			developmentRegion = en;
			hasScannedForEncodings = 0;
			knownRegions = (
				en,
				Base,
			);
			mainGroup = 073CED9F29C3390F0010D371;
			productRefGroup = 073CEDA929C3390F0010D371 /* Products */;
			projectDirPath = "";
			projectRoot = "";
			targets = (
				073CEDA729C3390F0010D371 /* HakSikThat */,
				073CEDB729C339100010D371 /* HakSikThatTests */,
				073CEDC129C339100010D371 /* HakSikThatUITests */,
			);
		};
/* End PBXProject section */

/* Begin PBXResourcesBuildPhase section */
		073CEDA629C3390F0010D371 /* Resources */ = {
			isa = PBXResourcesBuildPhase;
			buildActionMask = 2147483647;
			files = (
				073CEDB329C339100010D371 /* Preview Assets.xcassets in Resources */,
				073CEDB029C339100010D371 /* Assets.xcassets in Resources */,
				073CEDDF29C33FBB0010D371 /* menutest.json in Resources */,
			);
			runOnlyForDeploymentPostprocessing = 0;
		};
		073CEDB629C339100010D371 /* Resources */ = {
			isa = PBXResourcesBuildPhase;
			buildActionMask = 2147483647;
			files = (
			);
			runOnlyForDeploymentPostprocessing = 0;
		};
		073CEDC029C339100010D371 /* Resources */ = {
			isa = PBXResourcesBuildPhase;
			buildActionMask = 2147483647;
			files = (
			);
			runOnlyForDeploymentPostprocessing = 0;
		};
/* End PBXResourcesBuildPhase section */

/* Begin PBXSourcesBuildPhase section */
		073CEDA429C3390F0010D371 /* Sources */ = {
			isa = PBXSourcesBuildPhase;
			buildActionMask = 2147483647;
			files = (
				073CEDD629C33BD90010D371 /* MenuView.swift in Sources */,
				0745718929C488FE0025CA05 /* MyAfterView.swift in Sources */,
				073CEDAE29C3390F0010D371 /* ContentView.swift in Sources */,
				073CEDDA29C33C280010D371 /* ModelData.swift in Sources */,
				073CEDD829C33C1A0010D371 /* Menu.swift in Sources */,
				073CEDAC29C3390F0010D371 /* HakSikThatApp.swift in Sources */,
			);
			runOnlyForDeploymentPostprocessing = 0;
		};
		073CEDB429C339100010D371 /* Sources */ = {
			isa = PBXSourcesBuildPhase;
			buildActionMask = 2147483647;
			files = (
				073CEDBD29C339100010D371 /* HakSikThatTests.swift in Sources */,
			);
			runOnlyForDeploymentPostprocessing = 0;
		};
		073CEDBE29C339100010D371 /* Sources */ = {
			isa = PBXSourcesBuildPhase;
			buildActionMask = 2147483647;
			files = (
				073CEDC929C339100010D371 /* HakSikThatUITestsLaunchTests.swift in Sources */,
				073CEDC729C339100010D371 /* HakSikThatUITests.swift in Sources */,
			);
			runOnlyForDeploymentPostprocessing = 0;
		};
/* End PBXSourcesBuildPhase section */

/* Begin PBXTargetDependency section */
		073CEDBA29C339100010D371 /* PBXTargetDependency */ = {
			isa = PBXTargetDependency;
			target = 073CEDA729C3390F0010D371 /* HakSikThat */;
			targetProxy = 073CEDB929C339100010D371 /* PBXContainerItemProxy */;
		};
		073CEDC429C339100010D371 /* PBXTargetDependency */ = {
			isa = PBXTargetDependency;
			target = 073CEDA729C3390F0010D371 /* HakSikThat */;
			targetProxy = 073CEDC329C339100010D371 /* PBXContainerItemProxy */;
		};
/* End PBXTargetDependency section */

/* Begin XCBuildConfiguration section */
		073CEDCA29C339100010D371 /* Debug */ = {
			isa = XCBuildConfiguration;
			buildSettings = {
				ALWAYS_SEARCH_USER_PATHS = NO;
				CLANG_ANALYZER_NONNULL = YES;
				CLANG_ANALYZER_NUMBER_OBJECT_CONVERSION = YES_AGGRESSIVE;
				CLANG_CXX_LANGUAGE_STANDARD = "gnu++20";
				CLANG_ENABLE_MODULES = YES;
				CLANG_ENABLE_OBJC_ARC = YES;
				CLANG_ENABLE_OBJC_WEAK = YES;
				CLANG_WARN_BLOCK_CAPTURE_AUTORELEASING = YES;
				CLANG_WARN_BOOL_CONVERSION = YES;
				CLANG_WARN_COMMA = YES;
				CLANG_WARN_CONSTANT_CONVERSION = YES;
				CLANG_WARN_DEPRECATED_OBJC_IMPLEMENTATIONS = YES;
				CLANG_WARN_DIRECT_OBJC_ISA_USAGE = YES_ERROR;
				CLANG_WARN_DOCUMENTATION_COMMENTS = YES;
				CLANG_WARN_EMPTY_BODY = YES;
				CLANG_WARN_ENUM_CONVERSION = YES;
				CLANG_WARN_INFINITE_RECURSION = YES;
				CLANG_WARN_INT_CONVERSION = YES;
				CLANG_WARN_NON_LITERAL_NULL_CONVERSION = YES;
				CLANG_WARN_OBJC_IMPLICIT_RETAIN_SELF = YES;
				CLANG_WARN_OBJC_LITERAL_CONVERSION = YES;
				CLANG_WARN_OBJC_ROOT_CLASS = YES_ERROR;
				CLANG_WARN_QUOTED_INCLUDE_IN_FRAMEWORK_HEADER = YES;
				CLANG_WARN_RANGE_LOOP_ANALYSIS = YES;
				CLANG_WARN_STRICT_PROTOTYPES = YES;
				CLANG_WARN_SUSPICIOUS_MOVE = YES;
				CLANG_WARN_UNGUARDED_AVAILABILITY = YES_AGGRESSIVE;
				CLANG_WARN_UNREACHABLE_CODE = YES;
				CLANG_WARN__DUPLICATE_METHOD_MATCH = YES;
				COPY_PHASE_STRIP = NO;
				DEBUG_INFORMATION_FORMAT = dwarf;
				ENABLE_STRICT_OBJC_MSGSEND = YES;
				ENABLE_TESTABILITY = YES;
				GCC_C_LANGUAGE_STANDARD = gnu11;
				GCC_DYNAMIC_NO_PIC = NO;
				GCC_NO_COMMON_BLOCKS = YES;
				GCC_OPTIMIZATION_LEVEL = 0;
				GCC_PREPROCESSOR_DEFINITIONS = (
					"DEBUG=1",
					"$(inherited)",
				);
				GCC_WARN_64_TO_32_BIT_CONVERSION = YES;
				GCC_WARN_ABOUT_RETURN_TYPE = YES_ERROR;
				GCC_WARN_UNDECLARED_SELECTOR = YES;
				GCC_WARN_UNINITIALIZED_AUTOS = YES_AGGRESSIVE;
				GCC_WARN_UNUSED_FUNCTION = YES;
				GCC_WARN_UNUSED_VARIABLE = YES;
				IPHONEOS_DEPLOYMENT_TARGET = 16.2;
				MTL_ENABLE_DEBUG_INFO = INCLUDE_SOURCE;
				MTL_FAST_MATH = YES;
				ONLY_ACTIVE_ARCH = YES;
				SDKROOT = iphoneos;
				SWIFT_ACTIVE_COMPILATION_CONDITIONS = DEBUG;
				SWIFT_OPTIMIZATION_LEVEL = "-Onone";
			};
			name = Debug;
		};
		073CEDCB29C339100010D371 /* Release */ = {
			isa = XCBuildConfiguration;
			buildSettings = {
				ALWAYS_SEARCH_USER_PATHS = NO;
				CLANG_ANALYZER_NONNULL = YES;
				CLANG_ANALYZER_NUMBER_OBJECT_CONVERSION = YES_AGGRESSIVE;
				CLANG_CXX_LANGUAGE_STANDARD = "gnu++20";
				CLANG_ENABLE_MODULES = YES;
				CLANG_ENABLE_OBJC_ARC = YES;
				CLANG_ENABLE_OBJC_WEAK = YES;
				CLANG_WARN_BLOCK_CAPTURE_AUTORELEASING = YES;
				CLANG_WARN_BOOL_CONVERSION = YES;
				CLANG_WARN_COMMA = YES;
				CLANG_WARN_CONSTANT_CONVERSION = YES;
				CLANG_WARN_DEPRECATED_OBJC_IMPLEMENTATIONS = YES;
				CLANG_WARN_DIRECT_OBJC_ISA_USAGE = YES_ERROR;
				CLANG_WARN_DOCUMENTATION_COMMENTS = YES;
				CLANG_WARN_EMPTY_BODY = YES;
				CLANG_WARN_ENUM_CONVERSION = YES;
				CLANG_WARN_INFINITE_RECURSION = YES;
				CLANG_WARN_INT_CONVERSION = YES;
				CLANG_WARN_NON_LITERAL_NULL_CONVERSION = YES;
				CLANG_WARN_OBJC_IMPLICIT_RETAIN_SELF = YES;
				CLANG_WARN_OBJC_LITERAL_CONVERSION = YES;
				CLANG_WARN_OBJC_ROOT_CLASS = YES_ERROR;
				CLANG_WARN_QUOTED_INCLUDE_IN_FRAMEWORK_HEADER = YES;
				CLANG_WARN_RANGE_LOOP_ANALYSIS = YES;
				CLANG_WARN_STRICT_PROTOTYPES = YES;
				CLANG_WARN_SUSPICIOUS_MOVE = YES;
				CLANG_WARN_UNGUARDED_AVAILABILITY = YES_AGGRESSIVE;
				CLANG_WARN_UNREACHABLE_CODE = YES;
				CLANG_WARN__DUPLICATE_METHOD_MATCH = YES;
				COPY_PHASE_STRIP = NO;
				DEBUG_INFORMATION_FORMAT = "dwarf-with-dsym";
				ENABLE_NS_ASSERTIONS = NO;
				ENABLE_STRICT_OBJC_MSGSEND = YES;
				GCC_C_LANGUAGE_STANDARD = gnu11;
				GCC_NO_COMMON_BLOCKS = YES;
				GCC_WARN_64_TO_32_BIT_CONVERSION = YES;
				GCC_WARN_ABOUT_RETURN_TYPE = YES_ERROR;
				GCC_WARN_UNDECLARED_SELECTOR = YES;
				GCC_WARN_UNINITIALIZED_AUTOS = YES_AGGRESSIVE;
				GCC_WARN_UNUSED_FUNCTION = YES;
				GCC_WARN_UNUSED_VARIABLE = YES;
				IPHONEOS_DEPLOYMENT_TARGET = 16.2;
				MTL_ENABLE_DEBUG_INFO = NO;
				MTL_FAST_MATH = YES;
				SDKROOT = iphoneos;
				SWIFT_COMPILATION_MODE = wholemodule;
				SWIFT_OPTIMIZATION_LEVEL = "-O";
				VALIDATE_PRODUCT = YES;
			};
			name = Release;
		};
		073CEDCD29C339100010D371 /* Debug */ = {
			isa = XCBuildConfiguration;
			buildSettings = {
				ASSETCATALOG_COMPILER_APPICON_NAME = AppIcon;
				ASSETCATALOG_COMPILER_GLOBAL_ACCENT_COLOR_NAME = AccentColor;
				CODE_SIGN_STYLE = Automatic;
				CURRENT_PROJECT_VERSION = 1;
				DEVELOPMENT_ASSET_PATHS = "\"HakSikThat/Preview Content\"";
				DEVELOPMENT_TEAM = PX9ZAGMV5G;
				ENABLE_PREVIEWS = YES;
				GENERATE_INFOPLIST_FILE = YES;
				INFOPLIST_KEY_UIApplicationSceneManifest_Generation = YES;
				INFOPLIST_KEY_UIApplicationSupportsIndirectInputEvents = YES;
				INFOPLIST_KEY_UILaunchScreen_Generation = YES;
				INFOPLIST_KEY_UISupportedInterfaceOrientations_iPad = "UIInterfaceOrientationPortrait UIInterfaceOrientationPortraitUpsideDown UIInterfaceOrientationLandscapeLeft UIInterfaceOrientationLandscapeRight";
				INFOPLIST_KEY_UISupportedInterfaceOrientations_iPhone = "UIInterfaceOrientationPortrait UIInterfaceOrientationLandscapeLeft UIInterfaceOrientationLandscapeRight";
				LD_RUNPATH_SEARCH_PATHS = (
					"$(inherited)",
					"@executable_path/Frameworks",
				);
				MARKETING_VERSION = 1.0;
				PRODUCT_BUNDLE_IDENTIFIER = minsop.HakSikThat;
				PRODUCT_NAME = "$(TARGET_NAME)";
				SWIFT_EMIT_LOC_STRINGS = YES;
				SWIFT_VERSION = 5.0;
				TARGETED_DEVICE_FAMILY = "1,2";
			};
			name = Debug;
		};
		073CEDCE29C339100010D371 /* Release */ = {
			isa = XCBuildConfiguration;
			buildSettings = {
				ASSETCATALOG_COMPILER_APPICON_NAME = AppIcon;
				ASSETCATALOG_COMPILER_GLOBAL_ACCENT_COLOR_NAME = AccentColor;
				CODE_SIGN_STYLE = Automatic;
				CURRENT_PROJECT_VERSION = 1;
				DEVELOPMENT_ASSET_PATHS = "\"HakSikThat/Preview Content\"";
				DEVELOPMENT_TEAM = PX9ZAGMV5G;
				ENABLE_PREVIEWS = YES;
				GENERATE_INFOPLIST_FILE = YES;
				INFOPLIST_KEY_UIApplicationSceneManifest_Generation = YES;
				INFOPLIST_KEY_UIApplicationSupportsIndirectInputEvents = YES;
				INFOPLIST_KEY_UILaunchScreen_Generation = YES;
				INFOPLIST_KEY_UISupportedInterfaceOrientations_iPad = "UIInterfaceOrientationPortrait UIInterfaceOrientationPortraitUpsideDown UIInterfaceOrientationLandscapeLeft UIInterfaceOrientationLandscapeRight";
				INFOPLIST_KEY_UISupportedInterfaceOrientations_iPhone = "UIInterfaceOrientationPortrait UIInterfaceOrientationLandscapeLeft UIInterfaceOrientationLandscapeRight";
				LD_RUNPATH_SEARCH_PATHS = (
					"$(inherited)",
					"@executable_path/Frameworks",
				);
				MARKETING_VERSION = 1.0;
				PRODUCT_BUNDLE_IDENTIFIER = minsop.HakSikThat;
				PRODUCT_NAME = "$(TARGET_NAME)";
				SWIFT_EMIT_LOC_STRINGS = YES;
				SWIFT_VERSION = 5.0;
				TARGETED_DEVICE_FAMILY = "1,2";
			};
			name = Release;
		};
		073CEDD029C339100010D371 /* Debug */ = {
			isa = XCBuildConfiguration;
			buildSettings = {
				ALWAYS_EMBED_SWIFT_STANDARD_LIBRARIES = YES;
				BUNDLE_LOADER = "$(TEST_HOST)";
				CODE_SIGN_STYLE = Automatic;
				CURRENT_PROJECT_VERSION = 1;
				DEVELOPMENT_TEAM = PX9ZAGMV5G;
				GENERATE_INFOPLIST_FILE = YES;
				IPHONEOS_DEPLOYMENT_TARGET = 16.2;
				MARKETING_VERSION = 1.0;
				PRODUCT_BUNDLE_IDENTIFIER = minsop.HakSikThatTests;
				PRODUCT_NAME = "$(TARGET_NAME)";
				SWIFT_EMIT_LOC_STRINGS = NO;
				SWIFT_VERSION = 5.0;
				TARGETED_DEVICE_FAMILY = "1,2";
				TEST_HOST = "$(BUILT_PRODUCTS_DIR)/HakSikThat.app/$(BUNDLE_EXECUTABLE_FOLDER_PATH)/HakSikThat";
			};
			name = Debug;
		};
		073CEDD129C339100010D371 /* Release */ = {
			isa = XCBuildConfiguration;
			buildSettings = {
				ALWAYS_EMBED_SWIFT_STANDARD_LIBRARIES = YES;
				BUNDLE_LOADER = "$(TEST_HOST)";
				CODE_SIGN_STYLE = Automatic;
				CURRENT_PROJECT_VERSION = 1;
				DEVELOPMENT_TEAM = PX9ZAGMV5G;
				GENERATE_INFOPLIST_FILE = YES;
				IPHONEOS_DEPLOYMENT_TARGET = 16.2;
				MARKETING_VERSION = 1.0;
				PRODUCT_BUNDLE_IDENTIFIER = minsop.HakSikThatTests;
				PRODUCT_NAME = "$(TARGET_NAME)";
				SWIFT_EMIT_LOC_STRINGS = NO;
				SWIFT_VERSION = 5.0;
				TARGETED_DEVICE_FAMILY = "1,2";
				TEST_HOST = "$(BUILT_PRODUCTS_DIR)/HakSikThat.app/$(BUNDLE_EXECUTABLE_FOLDER_PATH)/HakSikThat";
			};
			name = Release;
		};
		073CEDD329C339100010D371 /* Debug */ = {
			isa = XCBuildConfiguration;
			buildSettings = {
				ALWAYS_EMBED_SWIFT_STANDARD_LIBRARIES = YES;
				CODE_SIGN_STYLE = Automatic;
				CURRENT_PROJECT_VERSION = 1;
				DEVELOPMENT_TEAM = PX9ZAGMV5G;
				GENERATE_INFOPLIST_FILE = YES;
				MARKETING_VERSION = 1.0;
				PRODUCT_BUNDLE_IDENTIFIER = minsop.HakSikThatUITests;
				PRODUCT_NAME = "$(TARGET_NAME)";
				SWIFT_EMIT_LOC_STRINGS = NO;
				SWIFT_VERSION = 5.0;
				TARGETED_DEVICE_FAMILY = "1,2";
				TEST_TARGET_NAME = HakSikThat;
			};
			name = Debug;
		};
		073CEDD429C339100010D371 /* Release */ = {
			isa = XCBuildConfiguration;
			buildSettings = {
				ALWAYS_EMBED_SWIFT_STANDARD_LIBRARIES = YES;
				CODE_SIGN_STYLE = Automatic;
				CURRENT_PROJECT_VERSION = 1;
				DEVELOPMENT_TEAM = PX9ZAGMV5G;
				GENERATE_INFOPLIST_FILE = YES;
				MARKETING_VERSION = 1.0;
				PRODUCT_BUNDLE_IDENTIFIER = minsop.HakSikThatUITests;
				PRODUCT_NAME = "$(TARGET_NAME)";
				SWIFT_EMIT_LOC_STRINGS = NO;
				SWIFT_VERSION = 5.0;
				TARGETED_DEVICE_FAMILY = "1,2";
				TEST_TARGET_NAME = HakSikThat;
			};
			name = Release;
		};
/* End XCBuildConfiguration section */

/* Begin XCConfigurationList section */
		073CEDA329C3390F0010D371 /* Build configuration list for PBXProject "HakSikThat" */ = {
			isa = XCConfigurationList;
			buildConfigurations = (
				073CEDCA29C339100010D371 /* Debug */,
				073CEDCB29C339100010D371 /* Release */,
			);
			defaultConfigurationIsVisible = 0;
			defaultConfigurationName = Release;
		};
		073CEDCC29C339100010D371 /* Build configuration list for PBXNativeTarget "HakSikThat" */ = {
			isa = XCConfigurationList;
			buildConfigurations = (
				073CEDCD29C339100010D371 /* Debug */,
				073CEDCE29C339100010D371 /* Release */,
			);
			defaultConfigurationIsVisible = 0;
			defaultConfigurationName = Release;
		};
		073CEDCF29C339100010D371 /* Build configuration list for PBXNativeTarget "HakSikThatTests" */ = {
			isa = XCConfigurationList;
			buildConfigurations = (
				073CEDD029C339100010D371 /* Debug */,
				073CEDD129C339100010D371 /* Release */,
			);
			defaultConfigurationIsVisible = 0;
			defaultConfigurationName = Release;
		};
		073CEDD229C339100010D371 /* Build configuration list for PBXNativeTarget "HakSikThatUITests" */ = {
			isa = XCConfigurationList;
			buildConfigurations = (
				073CEDD329C339100010D371 /* Debug */,
				073CEDD429C339100010D371 /* Release */,
			);
			defaultConfigurationIsVisible = 0;
			defaultConfigurationName = Release;
		};
/* End XCConfigurationList section */
	};
	rootObject = 073CEDA029C3390F0010D371 /* Project object */;
}
